
Microsoft Visual Studio Solution File, Format Version 12.00
# Visual Studio Version 17
VisualStudioVersion = 17.8.34330.188
MinimumVisualStudioVersion = 10.0.40219.1
Project("{2150E333-8FDC-42A3-9474-1A3956D46DE8}") = "src", "src", "{4AB0F831-7774-4077-89CD-B1BA60D9BEF6}"
EndProject
Project("{2150E333-8FDC-42A3-9474-1A3956D46DE8}") = "Modules", "Modules", "{A01CE97A-B727-469E-B5A6-BEFD39CB7650}"
EndProject
Project("{2150E333-8FDC-42A3-9474-1A3956D46DE8}") = "Users", "Users", "{CE6CAFE0-C913-454A-8D23-0A575EA34789}"
EndProject
Project("{2150E333-8FDC-42A3-9474-1A3956D46DE8}") = "Posts", "Posts", "{711A48F8-23D9-4F94-B8F8-ADD34F45B233}"
EndProject
Project("{2150E333-8FDC-42A3-9474-1A3956D46DE8}") = "Chats", "Chats", "{9318259B-6F7F-466C-B72F-D9910904C4C3}"
EndProject
Project("{9A19103F-16F7-4668-BE54-9A1E7A4F7556}") = "Modules.Chats.Application", "src\Modules\Chats\Modules.Chats.Application\Modules.Chats.Application.csproj", "{C0145D06-F1A4-4B9F-8235-AFFE3D65FBC3}"
EndProject
Project("{9A19103F-16F7-4668-BE54-9A1E7A4F7556}") = "Modules.Chats.Domain", "src\Modules\Chats\Modules.Chats.Domain\Modules.Chats.Domain.csproj", "{29734861-8880-4542-AC5B-B698B382D8D8}"
EndProject
Project("{9A19103F-16F7-4668-BE54-9A1E7A4F7556}") = "Modules.Chats.Endpoints", "src\Modules\Chats\Modules.Chats.Endpoints\Modules.Chats.Endpoints.csproj", "{43B0D67B-6D55-4545-A497-48C953F20492}"
EndProject
Project("{9A19103F-16F7-4668-BE54-9A1E7A4F7556}") = "Modules.Chats.Infrastructure", "src\Modules\Chats\Modules.Chats.Infrastructure\Modules.Chats.Infrastructure.csproj", "{F0AD3F1F-5451-4BE7-93B7-78F6F0142955}"
EndProject
Project("{9A19103F-16F7-4668-BE54-9A1E7A4F7556}") = "Modules.Chats.Persistence", "src\Modules\Chats\Modules.Chats.Persistence\Modules.Chats.Persistence.csproj", "{18C0EB8B-0A1F-4699-8EE0-EF997CE76952}"
EndProject
Project("{9A19103F-16F7-4668-BE54-9A1E7A4F7556}") = "Modules.Posts.Application", "src\Modules\Posts\Modules.Posts.Application\Modules.Posts.Application.csproj", "{790D5E01-E960-44E5-A640-A025E5DF4E3C}"
EndProject
Project("{9A19103F-16F7-4668-BE54-9A1E7A4F7556}") = "Modules.Posts.Domain", "src\Modules\Posts\Modules.Posts.Domain\Modules.Posts.Domain.csproj", "{19C633C4-3AF6-4259-B4CF-1CEDB035FFCF}"
EndProject
Project("{9A19103F-16F7-4668-BE54-9A1E7A4F7556}") = "Modules.Posts.Endpoints", "src\Modules\Posts\Modules.Posts.Endpoints\Modules.Posts.Endpoints.csproj", "{39110C49-B5A9-463F-9F4E-32B314B7C610}"
EndProject
Project("{9A19103F-16F7-4668-BE54-9A1E7A4F7556}") = "Modules.Posts.Infrastructure", "src\Modules\Posts\Modules.Posts.Infrastructure\Modules.Posts.Infrastructure.csproj", "{010CBB5B-D4B9-46B7-B412-66CB0AD8038A}"
EndProject
Project("{9A19103F-16F7-4668-BE54-9A1E7A4F7556}") = "Modules.Posts.Persistence", "src\Modules\Posts\Modules.Posts.Persistence\Modules.Posts.Persistence.csproj", "{0F798335-B92C-4A47-BBE3-FCE897A52013}"
EndProject
Project("{9A19103F-16F7-4668-BE54-9A1E7A4F7556}") = "Modules.Users.Application", "src\Modules\Users\Modules.Users.Application\Modules.Users.Application.csproj", "{D4CE4BF3-06BF-4BDB-81DB-A25EC974B758}"
EndProject
Project("{9A19103F-16F7-4668-BE54-9A1E7A4F7556}") = "Modules.Users.Domain", "src\Modules\Users\Modules.Users.Domain\Modules.Users.Domain.csproj", "{DF4841EC-83DB-401A-9E5A-51A91544F663}"
EndProject
Project("{9A19103F-16F7-4668-BE54-9A1E7A4F7556}") = "Modules.Users.Endpoints", "src\Modules\Users\Modules.Users.Endpoints\Modules.Users.Endpoints.csproj", "{DDE4C35C-8FC5-4161-B0CC-4F9C4919E93B}"
EndProject
Project("{9A19103F-16F7-4668-BE54-9A1E7A4F7556}") = "Modules.Users.Infrastructure", "src\Modules\Users\Modules.Users.Infrastructure\Modules.Users.Infrastructure.csproj", "{15C4C4F6-EB59-45CD-AFF0-DAA8651FD0A9}"
EndProject
Project("{9A19103F-16F7-4668-BE54-9A1E7A4F7556}") = "Modules.Users.Persistence", "src\Modules\Users\Modules.Users.Persistence\Modules.Users.Persistence.csproj", "{1EBBD611-AF55-4DDF-9018-E776436FD441}"
EndProject
Project("{2150E333-8FDC-42A3-9474-1A3956D46DE8}") = "Common", "Common", "{934B3865-440C-4314-8E81-20F9D80F838D}"
EndProject
Project("{9A19103F-16F7-4668-BE54-9A1E7A4F7556}") = "Lir.Api", "src\Lir.Api\Lir.Api.csproj", "{B46B95A9-B57F-4AA5-A5B0-48382B6B95BD}"
EndProject
Global
	GlobalSection(SolutionConfigurationPlatforms) = preSolution
		Debug|Any CPU = Debug|Any CPU
		Release|Any CPU = Release|Any CPU
	EndGlobalSection
	GlobalSection(ProjectConfigurationPlatforms) = postSolution
		{C0145D06-F1A4-4B9F-8235-AFFE3D65FBC3}.Debug|Any CPU.ActiveCfg = Debug|Any CPU
		{C0145D06-F1A4-4B9F-8235-AFFE3D65FBC3}.Debug|Any CPU.Build.0 = Debug|Any CPU
		{C0145D06-F1A4-4B9F-8235-AFFE3D65FBC3}.Release|Any CPU.ActiveCfg = Release|Any CPU
		{C0145D06-F1A4-4B9F-8235-AFFE3D65FBC3}.Release|Any CPU.Build.0 = Release|Any CPU
		{29734861-8880-4542-AC5B-B698B382D8D8}.Debug|Any CPU.ActiveCfg = Debug|Any CPU
		{29734861-8880-4542-AC5B-B698B382D8D8}.Debug|Any CPU.Build.0 = Debug|Any CPU
		{29734861-8880-4542-AC5B-B698B382D8D8}.Release|Any CPU.ActiveCfg = Release|Any CPU
		{29734861-8880-4542-AC5B-B698B382D8D8}.Release|Any CPU.Build.0 = Release|Any CPU
		{43B0D67B-6D55-4545-A497-48C953F20492}.Debug|Any CPU.ActiveCfg = Debug|Any CPU
		{43B0D67B-6D55-4545-A497-48C953F20492}.Debug|Any CPU.Build.0 = Debug|Any CPU
		{43B0D67B-6D55-4545-A497-48C953F20492}.Release|Any CPU.ActiveCfg = Release|Any CPU
		{43B0D67B-6D55-4545-A497-48C953F20492}.Release|Any CPU.Build.0 = Release|Any CPU
		{F0AD3F1F-5451-4BE7-93B7-78F6F0142955}.Debug|Any CPU.ActiveCfg = Debug|Any CPU
		{F0AD3F1F-5451-4BE7-93B7-78F6F0142955}.Debug|Any CPU.Build.0 = Debug|Any CPU
		{F0AD3F1F-5451-4BE7-93B7-78F6F0142955}.Release|Any CPU.ActiveCfg = Release|Any CPU
		{F0AD3F1F-5451-4BE7-93B7-78F6F0142955}.Release|Any CPU.Build.0 = Release|Any CPU
		{18C0EB8B-0A1F-4699-8EE0-EF997CE76952}.Debug|Any CPU.ActiveCfg = Debug|Any CPU
		{18C0EB8B-0A1F-4699-8EE0-EF997CE76952}.Debug|Any CPU.Build.0 = Debug|Any CPU
		{18C0EB8B-0A1F-4699-8EE0-EF997CE76952}.Release|Any CPU.ActiveCfg = Release|Any CPU
		{18C0EB8B-0A1F-4699-8EE0-EF997CE76952}.Release|Any CPU.Build.0 = Release|Any CPU
		{790D5E01-E960-44E5-A640-A025E5DF4E3C}.Debug|Any CPU.ActiveCfg = Debug|Any CPU
		{790D5E01-E960-44E5-A640-A025E5DF4E3C}.Debug|Any CPU.Build.0 = Debug|Any CPU
		{790D5E01-E960-44E5-A640-A025E5DF4E3C}.Release|Any CPU.ActiveCfg = Release|Any CPU
		{790D5E01-E960-44E5-A640-A025E5DF4E3C}.Release|Any CPU.Build.0 = Release|Any CPU
		{19C633C4-3AF6-4259-B4CF-1CEDB035FFCF}.Debug|Any CPU.ActiveCfg = Debug|Any CPU
		{19C633C4-3AF6-4259-B4CF-1CEDB035FFCF}.Debug|Any CPU.Build.0 = Debug|Any CPU
		{19C633C4-3AF6-4259-B4CF-1CEDB035FFCF}.Release|Any CPU.ActiveCfg = Release|Any CPU
		{19C633C4-3AF6-4259-B4CF-1CEDB035FFCF}.Release|Any CPU.Build.0 = Release|Any CPU
		{39110C49-B5A9-463F-9F4E-32B314B7C610}.Debug|Any CPU.ActiveCfg = Debug|Any CPU
		{39110C49-B5A9-463F-9F4E-32B314B7C610}.Debug|Any CPU.Build.0 = Debug|Any CPU
		{39110C49-B5A9-463F-9F4E-32B314B7C610}.Release|Any CPU.ActiveCfg = Release|Any CPU
		{39110C49-B5A9-463F-9F4E-32B314B7C610}.Release|Any CPU.Build.0 = Release|Any CPU
		{010CBB5B-D4B9-46B7-B412-66CB0AD8038A}.Debug|Any CPU.ActiveCfg = Debug|Any CPU
		{010CBB5B-D4B9-46B7-B412-66CB0AD8038A}.Debug|Any CPU.Build.0 = Debug|Any CPU
		{010CBB5B-D4B9-46B7-B412-66CB0AD8038A}.Release|Any CPU.ActiveCfg = Release|Any CPU
		{010CBB5B-D4B9-46B7-B412-66CB0AD8038A}.Release|Any CPU.Build.0 = Release|Any CPU
		{0F798335-B92C-4A47-BBE3-FCE897A52013}.Debug|Any CPU.ActiveCfg = Debug|Any CPU
		{0F798335-B92C-4A47-BBE3-FCE897A52013}.Debug|Any CPU.Build.0 = Debug|Any CPU
		{0F798335-B92C-4A47-BBE3-FCE897A52013}.Release|Any CPU.ActiveCfg = Release|Any CPU
		{0F798335-B92C-4A47-BBE3-FCE897A52013}.Release|Any CPU.Build.0 = Release|Any CPU
		{D4CE4BF3-06BF-4BDB-81DB-A25EC974B758}.Debug|Any CPU.ActiveCfg = Debug|Any CPU
		{D4CE4BF3-06BF-4BDB-81DB-A25EC974B758}.Debug|Any CPU.Build.0 = Debug|Any CPU
		{D4CE4BF3-06BF-4BDB-81DB-A25EC974B758}.Release|Any CPU.ActiveCfg = Release|Any CPU
		{D4CE4BF3-06BF-4BDB-81DB-A25EC974B758}.Release|Any CPU.Build.0 = Release|Any CPU
		{DF4841EC-83DB-401A-9E5A-51A91544F663}.Debug|Any CPU.ActiveCfg = Debug|Any CPU
		{DF4841EC-83DB-401A-9E5A-51A91544F663}.Debug|Any CPU.Build.0 = Debug|Any CPU
		{DF4841EC-83DB-401A-9E5A-51A91544F663}.Release|Any CPU.ActiveCfg = Release|Any CPU
		{DF4841EC-83DB-401A-9E5A-51A91544F663}.Release|Any CPU.Build.0 = Release|Any CPU
		{DDE4C35C-8FC5-4161-B0CC-4F9C4919E93B}.Debug|Any CPU.ActiveCfg = Debug|Any CPU
		{DDE4C35C-8FC5-4161-B0CC-4F9C4919E93B}.Debug|Any CPU.Build.0 = Debug|Any CPU
		{DDE4C35C-8FC5-4161-B0CC-4F9C4919E93B}.Release|Any CPU.ActiveCfg = Release|Any CPU
		{DDE4C35C-8FC5-4161-B0CC-4F9C4919E93B}.Release|Any CPU.Build.0 = Release|Any CPU
		{15C4C4F6-EB59-45CD-AFF0-DAA8651FD0A9}.Debug|Any CPU.ActiveCfg = Debug|Any CPU
		{15C4C4F6-EB59-45CD-AFF0-DAA8651FD0A9}.Debug|Any CPU.Build.0 = Debug|Any CPU
		{15C4C4F6-EB59-45CD-AFF0-DAA8651FD0A9}.Release|Any CPU.ActiveCfg = Release|Any CPU
		{15C4C4F6-EB59-45CD-AFF0-DAA8651FD0A9}.Release|Any CPU.Build.0 = Release|Any CPU
		{1EBBD611-AF55-4DDF-9018-E776436FD441}.Debug|Any CPU.ActiveCfg = Debug|Any CPU
		{1EBBD611-AF55-4DDF-9018-E776436FD441}.Debug|Any CPU.Build.0 = Debug|Any CPU
		{1EBBD611-AF55-4DDF-9018-E776436FD441}.Release|Any CPU.ActiveCfg = Release|Any CPU
		{1EBBD611-AF55-4DDF-9018-E776436FD441}.Release|Any CPU.Build.0 = Release|Any CPU
		{B46B95A9-B57F-4AA5-A5B0-48382B6B95BD}.Debug|Any CPU.ActiveCfg = Debug|Any CPU
		{B46B95A9-B57F-4AA5-A5B0-48382B6B95BD}.Debug|Any CPU.Build.0 = Debug|Any CPU
		{B46B95A9-B57F-4AA5-A5B0-48382B6B95BD}.Release|Any CPU.ActiveCfg = Release|Any CPU
		{B46B95A9-B57F-4AA5-A5B0-48382B6B95BD}.Release|Any CPU.Build.0 = Release|Any CPU
	EndGlobalSection
	GlobalSection(SolutionProperties) = preSolution
		HideSolutionNode = FALSE
	EndGlobalSection
	GlobalSection(NestedProjects) = preSolution
		{A01CE97A-B727-469E-B5A6-BEFD39CB7650} = {4AB0F831-7774-4077-89CD-B1BA60D9BEF6}
		{CE6CAFE0-C913-454A-8D23-0A575EA34789} = {A01CE97A-B727-469E-B5A6-BEFD39CB7650}
		{711A48F8-23D9-4F94-B8F8-ADD34F45B233} = {A01CE97A-B727-469E-B5A6-BEFD39CB7650}
		{9318259B-6F7F-466C-B72F-D9910904C4C3} = {A01CE97A-B727-469E-B5A6-BEFD39CB7650}
		{C0145D06-F1A4-4B9F-8235-AFFE3D65FBC3} = {9318259B-6F7F-466C-B72F-D9910904C4C3}
		{29734861-8880-4542-AC5B-B698B382D8D8} = {9318259B-6F7F-466C-B72F-D9910904C4C3}
		{43B0D67B-6D55-4545-A497-48C953F20492} = {9318259B-6F7F-466C-B72F-D9910904C4C3}
		{F0AD3F1F-5451-4BE7-93B7-78F6F0142955} = {9318259B-6F7F-466C-B72F-D9910904C4C3}
		{18C0EB8B-0A1F-4699-8EE0-EF997CE76952} = {9318259B-6F7F-466C-B72F-D9910904C4C3}
		{790D5E01-E960-44E5-A640-A025E5DF4E3C} = {711A48F8-23D9-4F94-B8F8-ADD34F45B233}
		{19C633C4-3AF6-4259-B4CF-1CEDB035FFCF} = {711A48F8-23D9-4F94-B8F8-ADD34F45B233}
		{39110C49-B5A9-463F-9F4E-32B314B7C610} = {711A48F8-23D9-4F94-B8F8-ADD34F45B233}
		{010CBB5B-D4B9-46B7-B412-66CB0AD8038A} = {711A48F8-23D9-4F94-B8F8-ADD34F45B233}
		{0F798335-B92C-4A47-BBE3-FCE897A52013} = {711A48F8-23D9-4F94-B8F8-ADD34F45B233}
		{D4CE4BF3-06BF-4BDB-81DB-A25EC974B758} = {CE6CAFE0-C913-454A-8D23-0A575EA34789}
		{DF4841EC-83DB-401A-9E5A-51A91544F663} = {CE6CAFE0-C913-454A-8D23-0A575EA34789}
		{DDE4C35C-8FC5-4161-B0CC-4F9C4919E93B} = {CE6CAFE0-C913-454A-8D23-0A575EA34789}
		{15C4C4F6-EB59-45CD-AFF0-DAA8651FD0A9} = {CE6CAFE0-C913-454A-8D23-0A575EA34789}
		{1EBBD611-AF55-4DDF-9018-E776436FD441} = {CE6CAFE0-C913-454A-8D23-0A575EA34789}
		{934B3865-440C-4314-8E81-20F9D80F838D} = {4AB0F831-7774-4077-89CD-B1BA60D9BEF6}
		{B46B95A9-B57F-4AA5-A5B0-48382B6B95BD} = {4AB0F831-7774-4077-89CD-B1BA60D9BEF6}
	EndGlobalSection
	GlobalSection(ExtensibilityGlobals) = postSolution
		SolutionGuid = {92ED6B25-277B-427C-9CDC-E2CB7A6AB6D5}
	EndGlobalSection
EndGlobal
