
Microsoft Visual Studio Solution File, Format Version 12.00
# Visual Studio Version 17
VisualStudioVersion = 17.8.34330.188
MinimumVisualStudioVersion = 10.0.40219.1
Project("{9A19103F-16F7-4668-BE54-9A1E7A4F7556}") = "Lir.Api", "lir.Api\Lir.Api.csproj", "{392E5501-254C-45BD-8E32-49808A890B7D}"
EndProject
Project("{9A19103F-16F7-4668-BE54-9A1E7A4F7556}") = "Lir.Core", "lir.Core\Lir.Core.csproj", "{A08F5C89-97B9-4409-A75C-8E7B2D47F3D5}"
EndProject
Project("{9A19103F-16F7-4668-BE54-9A1E7A4F7556}") = "Lir.Infrastructure", "lir.Infrastructure\Lir.Infrastructure.csproj", "{644A3252-B3C8-4F6B-B957-2353BAD2974D}"
EndProject
Project("{9A19103F-16F7-4668-BE54-9A1E7A4F7556}") = "Lir.Application", "Lir.Application\Lir.Application.csproj", "{1D2FDA6E-C38C-49D2-999D-F6CC419CCDCE}"
EndProject
Project("{9A19103F-16F7-4668-BE54-9A1E7A4F7556}") = "Lir.Tests", "Lir.Tests\Lir.Tests.csproj", "{0591F869-B37C-4CCD-BF10-726EB90088C0}"
EndProject
Global
	GlobalSection(SolutionConfigurationPlatforms) = preSolution
		Debug|Any CPU = Debug|Any CPU
		Release|Any CPU = Release|Any CPU
	EndGlobalSection
	GlobalSection(ProjectConfigurationPlatforms) = postSolution
		{392E5501-254C-45BD-8E32-49808A890B7D}.Debug|Any CPU.ActiveCfg = Debug|Any CPU
		{392E5501-254C-45BD-8E32-49808A890B7D}.Debug|Any CPU.Build.0 = Debug|Any CPU
		{392E5501-254C-45BD-8E32-49808A890B7D}.Release|Any CPU.ActiveCfg = Release|Any CPU
		{392E5501-254C-45BD-8E32-49808A890B7D}.Release|Any CPU.Build.0 = Release|Any CPU
		{A08F5C89-97B9-4409-A75C-8E7B2D47F3D5}.Debug|Any CPU.ActiveCfg = Debug|Any CPU
		{A08F5C89-97B9-4409-A75C-8E7B2D47F3D5}.Debug|Any CPU.Build.0 = Debug|Any CPU
		{A08F5C89-97B9-4409-A75C-8E7B2D47F3D5}.Release|Any CPU.ActiveCfg = Release|Any CPU
		{A08F5C89-97B9-4409-A75C-8E7B2D47F3D5}.Release|Any CPU.Build.0 = Release|Any CPU
		{644A3252-B3C8-4F6B-B957-2353BAD2974D}.Debug|Any CPU.ActiveCfg = Debug|Any CPU
		{644A3252-B3C8-4F6B-B957-2353BAD2974D}.Debug|Any CPU.Build.0 = Debug|Any CPU
		{644A3252-B3C8-4F6B-B957-2353BAD2974D}.Release|Any CPU.ActiveCfg = Release|Any CPU
		{644A3252-B3C8-4F6B-B957-2353BAD2974D}.Release|Any CPU.Build.0 = Release|Any CPU
		{1D2FDA6E-C38C-49D2-999D-F6CC419CCDCE}.Debug|Any CPU.ActiveCfg = Debug|Any CPU
		{1D2FDA6E-C38C-49D2-999D-F6CC419CCDCE}.Debug|Any CPU.Build.0 = Debug|Any CPU
		{1D2FDA6E-C38C-49D2-999D-F6CC419CCDCE}.Release|Any CPU.ActiveCfg = Release|Any CPU
		{1D2FDA6E-C38C-49D2-999D-F6CC419CCDCE}.Release|Any CPU.Build.0 = Release|Any CPU
		{0591F869-B37C-4CCD-BF10-726EB90088C0}.Debug|Any CPU.ActiveCfg = Debug|Any CPU
		{0591F869-B37C-4CCD-BF10-726EB90088C0}.Debug|Any CPU.Build.0 = Debug|Any CPU
		{0591F869-B37C-4CCD-BF10-726EB90088C0}.Release|Any CPU.ActiveCfg = Release|Any CPU
		{0591F869-B37C-4CCD-BF10-726EB90088C0}.Release|Any CPU.Build.0 = Release|Any CPU
	EndGlobalSection
	GlobalSection(SolutionProperties) = preSolution
		HideSolutionNode = FALSE
	EndGlobalSection
	GlobalSection(ExtensibilityGlobals) = postSolution
		SolutionGuid = {92ED6B25-277B-427C-9CDC-E2CB7A6AB6D5}
	EndGlobalSection
EndGlobal
